
Microsoft Visual Studio Solution File, Format Version 12.00
# Visual Studio Version 17
VisualStudioVersion = 17.0.31903.59
MinimumVisualStudioVersion = 10.0.40219.1
Project("{FAE04EC0-301F-11D3-BF4B-00C04F79EFBC}") = "ZXSinclair.Net", "ZXSinclair.Net\ZXSinclair.Net.csproj", "{53F83299-6D53-475C-9B42-B60DF9ECC97B}"
EndProject
Global
	GlobalSection(SolutionConfigurationPlatforms) = preSolution
		Debug|Any CPU = Debug|Any CPU
		Release|Any CPU = Release|Any CPU
	EndGlobalSection
	GlobalSection(ProjectConfigurationPlatforms) = postSolution
		{53F83299-6D53-475C-9B42-B60DF9ECC97B}.Debug|Any CPU.ActiveCfg = Debug|Any CPU
		{53F83299-6D53-475C-9B42-B60DF9ECC97B}.Debug|Any CPU.Build.0 = Debug|Any CPU
		{53F83299-6D53-475C-9B42-B60DF9ECC97B}.Release|Any CPU.ActiveCfg = Release|Any CPU
		{53F83299-6D53-475C-9B42-B60DF9ECC97B}.Release|Any CPU.Build.0 = Release|Any CPU
		{B05575E7-24D7-46FC-B358-B3550F013533}.Debug|Any CPU.ActiveCfg = Debug|Any CPU
		{B05575E7-24D7-46FC-B358-B3550F013533}.Debug|Any CPU.Build.0 = Debug|Any CPU
		{B05575E7-24D7-46FC-B358-B3550F013533}.Release|Any CPU.ActiveCfg = Release|Any CPU
		{B05575E7-24D7-46FC-B358-B3550F013533}.Release|Any CPU.Build.0 = Release|Any CPU
	EndGlobalSection
	GlobalSection(SolutionProperties) = preSolution
		HideSolutionNode = FALSE
	EndGlobalSection
	GlobalSection(ExtensibilityGlobals) = postSolution
		SolutionGuid = {E71FEA4D-84B5-4F7C-A3DB-9B20E7EE1CC4}
	EndGlobalSection
EndGlobal
