Microsoft Visual Studio Solution File, Format Version 12.00
# Visual Studio Version 16
VisualStudioVersion = 16.0.30611.23
MinimumVisualStudioVersion = 10.0.40219.1
Project("{D954291E-2A0B-460D-934E-DC6B0785DB48}") = "ZXSinclair.Shared", "ZXSinclair.Shared\ZXSinclair.Shared.shproj", "{0F478A7E-8CA8-498B-A522-0C6E5968C766}"
EndProject
Project("{FAE04EC0-301F-11D3-BF4B-00C04F79EFBC}") = "ZXSinclair.Net", "ZXSinclair.Net\ZXSinclair.Net.csproj", "{C58CE06D-C2C7-4576-9505-4D7F8FA1380E}"
EndProject
Project("{9A19103F-16F7-4668-BE54-9A1E7A4F7556}") = "ZXSinclair.NetCore", "ZXSinclair.NetCore\ZXSinclair.NetCore.csproj", "{12DDBC0E-2861-465F-843C-66CEDF797F5E}"
EndProject
Project("{D954291E-2A0B-460D-934E-DC6B0785DB48}") = "ZXSinclair.Resources", "ZXSinclair.Resources\ZXSinclair.Resources.shproj", "{974E507E-398A-43F4-9432-38595736C3DE}"
EndProject
Project("{9A19103F-16F7-4668-BE54-9A1E7A4F7556}") = "ZXSinclair.Test", "ZXSinclair.Test\ZXSinclair.Test.csproj", "{5592D9E2-9722-40A7-8E2A-3849A15A6DF0}"
EndProject
Project("{D954291E-2A0B-460D-934E-DC6B0785DB48}") = "ZXSinclair.Perform.Shared", "ZXSinclair.Perform.Shared\ZXSinclair.Perform.Shared.shproj", "{26A37ECC-C3DC-4777-BF0A-09435D39BAF3}"
EndProject
Project("{FAE04EC0-301F-11D3-BF4B-00C04F79EFBC}") = "ZXSinclair.Perform.Net", "ZXSinclair.Perform.Net\ZXSinclair.Perform.Net.csproj", "{756A13AA-8519-42EC-A462-83ACA7B56C70}"
EndProject
Project("{9A19103F-16F7-4668-BE54-9A1E7A4F7556}") = "ZXSinclair.Perform.NetCore", "ZXSinclair.Perform.NetCore\ZXSinclair.Perform.NetCore.csproj", "{A693F356-E271-4F63-93F6-30867C8D203C}"
EndProject
Project("{FAE04EC0-301F-11D3-BF4B-00C04F79EFBC}") = "BuilderCodes", "BuilderCodes\BuilderCodes.csproj", "{37EC4101-70FF-404E-9820-D3B9EFEA5B21}"
EndProject
Global
	GlobalSection(SharedMSBuildProjectFiles) = preSolution
		ZXSinclair.Shared\ZXSinclair.Shared.projitems*{0f478a7e-8ca8-498b-a522-0c6e5968c766}*SharedItemsImports = 13
		ZXSinclair.Resources\ZXSinclair.Resources.projitems*{12ddbc0e-2861-465f-843c-66cedf797f5e}*SharedItemsImports = 5
		ZXSinclair.Shared\ZXSinclair.Shared.projitems*{12ddbc0e-2861-465f-843c-66cedf797f5e}*SharedItemsImports = 5
		ZXSinclair.Perform.Shared\ZXSinclair.Perform.Shared.projitems*{26a37ecc-c3dc-4777-bf0a-09435d39baf3}*SharedItemsImports = 13
		ZXSinclair.Resources\ZXSinclair.Resources.projitems*{37ec4101-70ff-404e-9820-d3b9efea5b21}*SharedItemsImports = 5
		ZXSinclair.Shared\ZXSinclair.Shared.projitems*{37ec4101-70ff-404e-9820-d3b9efea5b21}*SharedItemsImports = 5
		ZXSinclair.Perform.Shared\ZXSinclair.Perform.Shared.projitems*{756a13aa-8519-42ec-a462-83aca7b56c70}*SharedItemsImports = 4
		ZXSinclair.Resources\ZXSinclair.Resources.projitems*{756a13aa-8519-42ec-a462-83aca7b56c70}*SharedItemsImports = 4
		ZXSinclair.Shared\ZXSinclair.Shared.projitems*{756a13aa-8519-42ec-a462-83aca7b56c70}*SharedItemsImports = 4
		ZXSinclair.Resources\ZXSinclair.Resources.projitems*{974e507e-398a-43f4-9432-38595736c3de}*SharedItemsImports = 13
		ZXSinclair.Perform.Shared\ZXSinclair.Perform.Shared.projitems*{a693f356-e271-4f63-93f6-30867c8d203c}*SharedItemsImports = 5
		ZXSinclair.Resources\ZXSinclair.Resources.projitems*{a693f356-e271-4f63-93f6-30867c8d203c}*SharedItemsImports = 5
		ZXSinclair.Shared\ZXSinclair.Shared.projitems*{a693f356-e271-4f63-93f6-30867c8d203c}*SharedItemsImports = 5
		ZXSinclair.Resources\ZXSinclair.Resources.projitems*{c58ce06d-c2c7-4576-9505-4d7f8fa1380e}*SharedItemsImports = 4
		ZXSinclair.Shared\ZXSinclair.Shared.projitems*{c58ce06d-c2c7-4576-9505-4d7f8fa1380e}*SharedItemsImports = 4
	EndGlobalSection
	GlobalSection(SolutionConfigurationPlatforms) = preSolution
		Debug|Any CPU = Debug|Any CPU
		Debug|x64 = Debug|x64
		Debug|x86 = Debug|x86
		Release|Any CPU = Release|Any CPU
		Release|x64 = Release|x64
		Release|x86 = Release|x86
	EndGlobalSection
	GlobalSection(ProjectConfigurationPlatforms) = postSolution
		{C58CE06D-C2C7-4576-9505-4D7F8FA1380E}.Debug|Any CPU.ActiveCfg = Debug|Any CPU
		{C58CE06D-C2C7-4576-9505-4D7F8FA1380E}.Debug|Any CPU.Build.0 = Debug|Any CPU
		{C58CE06D-C2C7-4576-9505-4D7F8FA1380E}.Debug|x64.ActiveCfg = Debug|Any CPU
		{C58CE06D-C2C7-4576-9505-4D7F8FA1380E}.Debug|x64.Build.0 = Debug|Any CPU
		{C58CE06D-C2C7-4576-9505-4D7F8FA1380E}.Debug|x86.ActiveCfg = Debug|Any CPU
		{C58CE06D-C2C7-4576-9505-4D7F8FA1380E}.Debug|x86.Build.0 = Debug|Any CPU
		{C58CE06D-C2C7-4576-9505-4D7F8FA1380E}.Release|Any CPU.ActiveCfg = Release|Any CPU
		{C58CE06D-C2C7-4576-9505-4D7F8FA1380E}.Release|Any CPU.Build.0 = Release|Any CPU
		{C58CE06D-C2C7-4576-9505-4D7F8FA1380E}.Release|x64.ActiveCfg = Release|Any CPU
		{C58CE06D-C2C7-4576-9505-4D7F8FA1380E}.Release|x64.Build.0 = Release|Any CPU
		{C58CE06D-C2C7-4576-9505-4D7F8FA1380E}.Release|x86.ActiveCfg = Release|Any CPU
		{C58CE06D-C2C7-4576-9505-4D7F8FA1380E}.Release|x86.Build.0 = Release|Any CPU
		{12DDBC0E-2861-465F-843C-66CEDF797F5E}.Debug|Any CPU.ActiveCfg = Debug|Any CPU
		{12DDBC0E-2861-465F-843C-66CEDF797F5E}.Debug|Any CPU.Build.0 = Debug|Any CPU
		{12DDBC0E-2861-465F-843C-66CEDF797F5E}.Debug|x64.ActiveCfg = Debug|Any CPU
		{12DDBC0E-2861-465F-843C-66CEDF797F5E}.Debug|x64.Build.0 = Debug|Any CPU
		{12DDBC0E-2861-465F-843C-66CEDF797F5E}.Debug|x86.ActiveCfg = Debug|Any CPU
		{12DDBC0E-2861-465F-843C-66CEDF797F5E}.Debug|x86.Build.0 = Debug|Any CPU
		{12DDBC0E-2861-465F-843C-66CEDF797F5E}.Release|Any CPU.ActiveCfg = Release|Any CPU
		{12DDBC0E-2861-465F-843C-66CEDF797F5E}.Release|Any CPU.Build.0 = Release|Any CPU
		{12DDBC0E-2861-465F-843C-66CEDF797F5E}.Release|x64.ActiveCfg = Release|Any CPU
		{12DDBC0E-2861-465F-843C-66CEDF797F5E}.Release|x64.Build.0 = Release|Any CPU
		{12DDBC0E-2861-465F-843C-66CEDF797F5E}.Release|x86.ActiveCfg = Release|Any CPU
		{12DDBC0E-2861-465F-843C-66CEDF797F5E}.Release|x86.Build.0 = Release|Any CPU
		{5592D9E2-9722-40A7-8E2A-3849A15A6DF0}.Debug|Any CPU.ActiveCfg = Debug|Any CPU
		{5592D9E2-9722-40A7-8E2A-3849A15A6DF0}.Debug|Any CPU.Build.0 = Debug|Any CPU
		{5592D9E2-9722-40A7-8E2A-3849A15A6DF0}.Debug|x64.ActiveCfg = Debug|Any CPU
		{5592D9E2-9722-40A7-8E2A-3849A15A6DF0}.Debug|x64.Build.0 = Debug|Any CPU
		{5592D9E2-9722-40A7-8E2A-3849A15A6DF0}.Debug|x86.ActiveCfg = Debug|Any CPU
		{5592D9E2-9722-40A7-8E2A-3849A15A6DF0}.Debug|x86.Build.0 = Debug|Any CPU
		{5592D9E2-9722-40A7-8E2A-3849A15A6DF0}.Release|Any CPU.ActiveCfg = Release|Any CPU
		{5592D9E2-9722-40A7-8E2A-3849A15A6DF0}.Release|Any CPU.Build.0 = Release|Any CPU
		{5592D9E2-9722-40A7-8E2A-3849A15A6DF0}.Release|x64.ActiveCfg = Release|Any CPU
		{5592D9E2-9722-40A7-8E2A-3849A15A6DF0}.Release|x64.Build.0 = Release|Any CPU
		{5592D9E2-9722-40A7-8E2A-3849A15A6DF0}.Release|x86.ActiveCfg = Release|Any CPU
		{5592D9E2-9722-40A7-8E2A-3849A15A6DF0}.Release|x86.Build.0 = Release|Any CPU
		{756A13AA-8519-42EC-A462-83ACA7B56C70}.Debug|Any CPU.ActiveCfg = Debug|Any CPU
		{756A13AA-8519-42EC-A462-83ACA7B56C70}.Debug|Any CPU.Build.0 = Debug|Any CPU
		{756A13AA-8519-42EC-A462-83ACA7B56C70}.Debug|x64.ActiveCfg = Debug|Any CPU
		{756A13AA-8519-42EC-A462-83ACA7B56C70}.Debug|x64.Build.0 = Debug|Any CPU
		{756A13AA-8519-42EC-A462-83ACA7B56C70}.Debug|x86.ActiveCfg = Debug|Any CPU
		{756A13AA-8519-42EC-A462-83ACA7B56C70}.Debug|x86.Build.0 = Debug|Any CPU
		{756A13AA-8519-42EC-A462-83ACA7B56C70}.Release|Any CPU.ActiveCfg = Release|Any CPU
		{756A13AA-8519-42EC-A462-83ACA7B56C70}.Release|Any CPU.Build.0 = Release|Any CPU
		{756A13AA-8519-42EC-A462-83ACA7B56C70}.Release|x64.ActiveCfg = Release|Any CPU
		{756A13AA-8519-42EC-A462-83ACA7B56C70}.Release|x64.Build.0 = Release|Any CPU
		{756A13AA-8519-42EC-A462-83ACA7B56C70}.Release|x86.ActiveCfg = Release|Any CPU
		{756A13AA-8519-42EC-A462-83ACA7B56C70}.Release|x86.Build.0 = Release|Any CPU
		{A693F356-E271-4F63-93F6-30867C8D203C}.Debug|Any CPU.ActiveCfg = Debug|Any CPU
		{A693F356-E271-4F63-93F6-30867C8D203C}.Debug|Any CPU.Build.0 = Debug|Any CPU
		{A693F356-E271-4F63-93F6-30867C8D203C}.Debug|x64.ActiveCfg = Debug|Any CPU
		{A693F356-E271-4F63-93F6-30867C8D203C}.Debug|x64.Build.0 = Debug|Any CPU
		{A693F356-E271-4F63-93F6-30867C8D203C}.Debug|x86.ActiveCfg = Debug|Any CPU
		{A693F356-E271-4F63-93F6-30867C8D203C}.Debug|x86.Build.0 = Debug|Any CPU
		{A693F356-E271-4F63-93F6-30867C8D203C}.Release|Any CPU.ActiveCfg = Release|Any CPU
		{A693F356-E271-4F63-93F6-30867C8D203C}.Release|Any CPU.Build.0 = Release|Any CPU
		{A693F356-E271-4F63-93F6-30867C8D203C}.Release|x64.ActiveCfg = Release|Any CPU
		{A693F356-E271-4F63-93F6-30867C8D203C}.Release|x64.Build.0 = Release|Any CPU
		{A693F356-E271-4F63-93F6-30867C8D203C}.Release|x86.ActiveCfg = Release|Any CPU
		{A693F356-E271-4F63-93F6-30867C8D203C}.Release|x86.Build.0 = Release|Any CPU
		{37EC4101-70FF-404E-9820-D3B9EFEA5B21}.Debug|Any CPU.ActiveCfg = Debug|Any CPU
		{37EC4101-70FF-404E-9820-D3B9EFEA5B21}.Debug|Any CPU.Build.0 = Debug|Any CPU
		{37EC4101-70FF-404E-9820-D3B9EFEA5B21}.Debug|x64.ActiveCfg = Debug|Any CPU
		{37EC4101-70FF-404E-9820-D3B9EFEA5B21}.Debug|x64.Build.0 = Debug|Any CPU
		{37EC4101-70FF-404E-9820-D3B9EFEA5B21}.Debug|x86.ActiveCfg = Debug|Any CPU
		{37EC4101-70FF-404E-9820-D3B9EFEA5B21}.Debug|x86.Build.0 = Debug|Any CPU
		{37EC4101-70FF-404E-9820-D3B9EFEA5B21}.Release|Any CPU.ActiveCfg = Release|Any CPU
		{37EC4101-70FF-404E-9820-D3B9EFEA5B21}.Release|Any CPU.Build.0 = Release|Any CPU
		{37EC4101-70FF-404E-9820-D3B9EFEA5B21}.Release|x64.ActiveCfg = Release|Any CPU
		{37EC4101-70FF-404E-9820-D3B9EFEA5B21}.Release|x64.Build.0 = Release|Any CPU
		{37EC4101-70FF-404E-9820-D3B9EFEA5B21}.Release|x86.ActiveCfg = Release|Any CPU
		{37EC4101-70FF-404E-9820-D3B9EFEA5B21}.Release|x86.Build.0 = Release|Any CPU
	EndGlobalSection
	GlobalSection(SolutionProperties) = preSolution
		HideSolutionNode = FALSE
	EndGlobalSection
	GlobalSection(ExtensibilityGlobals) = postSolution
		SolutionGuid = {CEF31FA0-4C1E-4416-8FE5-D1E22CBFCE45}
	EndGlobalSection
EndGlobal
