Microsoft Visual Studio Solution File, Format Version 12.00
# Visual Studio Version 16
VisualStudioVersion = 16.0.30611.23
MinimumVisualStudioVersion = 10.0.40219.1
Project("{D954291E-2A0B-460D-934E-DC6B0785DB48}") = "ZXSinclair.Shared", "ZXSinclair.Shared\ZXSinclair.Shared.shproj", "{0F478A7E-8CA8-498B-A522-0C6E5968C766}"
EndProject
Project("{FAE04EC0-301F-11D3-BF4B-00C04F79EFBC}") = "ZXSinclair.Net", "ZXSinclair.Net\ZXSinclair.Net.csproj", "{C58CE06D-C2C7-4576-9505-4D7F8FA1380E}"
EndProject
Project("{FAE04EC0-301F-11D3-BF4B-00C04F79EFBC}") = "ZXSinclair.NetCore", "ZXSinclair.NetCore\ZXSinclair.NetCore.csproj", "{12DDBC0E-2861-465F-843C-66CEDF797F5E}"
EndProject
Global
	GlobalSection(SharedMSBuildProjectFiles) = preSolution
		ZXSinclair.Shared\ZXSinclair.Shared.projitems*{0f478a7e-8ca8-498b-a522-0c6e5968c766}*SharedItemsImports = 13
		ZXSinclair.Shared\ZXSinclair.Shared.projitems*{12ddbc0e-2861-465f-843c-66cedf797f5e}*SharedItemsImports = 5
		ZXSinclair.Shared\ZXSinclair.Shared.projitems*{c58ce06d-c2c7-4576-9505-4d7f8fa1380e}*SharedItemsImports = 4
	EndGlobalSection
	GlobalSection(SolutionConfigurationPlatforms) = preSolution
		Debug|Any CPU = Debug|Any CPU
		Debug|x64 = Debug|x64
		Debug|x86 = Debug|x86
		Release|Any CPU = Release|Any CPU
		Release|x64 = Release|x64
		Release|x86 = Release|x86
	EndGlobalSection
	GlobalSection(ProjectConfigurationPlatforms) = postSolution
		{C58CE06D-C2C7-4576-9505-4D7F8FA1380E}.Debug|Any CPU.ActiveCfg = Debug|Any CPU
		{C58CE06D-C2C7-4576-9505-4D7F8FA1380E}.Debug|Any CPU.Build.0 = Debug|Any CPU
		{C58CE06D-C2C7-4576-9505-4D7F8FA1380E}.Debug|x64.ActiveCfg = Debug|Any CPU
		{C58CE06D-C2C7-4576-9505-4D7F8FA1380E}.Debug|x64.Build.0 = Debug|Any CPU
		{C58CE06D-C2C7-4576-9505-4D7F8FA1380E}.Debug|x86.ActiveCfg = Debug|Any CPU
		{C58CE06D-C2C7-4576-9505-4D7F8FA1380E}.Debug|x86.Build.0 = Debug|Any CPU
		{C58CE06D-C2C7-4576-9505-4D7F8FA1380E}.Release|Any CPU.ActiveCfg = Release|Any CPU
		{C58CE06D-C2C7-4576-9505-4D7F8FA1380E}.Release|Any CPU.Build.0 = Release|Any CPU
		{C58CE06D-C2C7-4576-9505-4D7F8FA1380E}.Release|x64.ActiveCfg = Release|Any CPU
		{C58CE06D-C2C7-4576-9505-4D7F8FA1380E}.Release|x64.Build.0 = Release|Any CPU
		{C58CE06D-C2C7-4576-9505-4D7F8FA1380E}.Release|x86.ActiveCfg = Release|Any CPU
		{C58CE06D-C2C7-4576-9505-4D7F8FA1380E}.Release|x86.Build.0 = Release|Any CPU
		{12DDBC0E-2861-465F-843C-66CEDF797F5E}.Debug|Any CPU.ActiveCfg = Debug|Any CPU
		{12DDBC0E-2861-465F-843C-66CEDF797F5E}.Debug|Any CPU.Build.0 = Debug|Any CPU
		{12DDBC0E-2861-465F-843C-66CEDF797F5E}.Debug|x64.ActiveCfg = Debug|Any CPU
		{12DDBC0E-2861-465F-843C-66CEDF797F5E}.Debug|x64.Build.0 = Debug|Any CPU
		{12DDBC0E-2861-465F-843C-66CEDF797F5E}.Debug|x86.ActiveCfg = Debug|Any CPU
		{12DDBC0E-2861-465F-843C-66CEDF797F5E}.Debug|x86.Build.0 = Debug|Any CPU
		{12DDBC0E-2861-465F-843C-66CEDF797F5E}.Release|Any CPU.ActiveCfg = Release|Any CPU
		{12DDBC0E-2861-465F-843C-66CEDF797F5E}.Release|Any CPU.Build.0 = Release|Any CPU
		{12DDBC0E-2861-465F-843C-66CEDF797F5E}.Release|x64.ActiveCfg = Release|Any CPU
		{12DDBC0E-2861-465F-843C-66CEDF797F5E}.Release|x64.Build.0 = Release|Any CPU
		{12DDBC0E-2861-465F-843C-66CEDF797F5E}.Release|x86.ActiveCfg = Release|Any CPU
		{12DDBC0E-2861-465F-843C-66CEDF797F5E}.Release|x86.Build.0 = Release|Any CPU
	EndGlobalSection
	GlobalSection(SolutionProperties) = preSolution
		HideSolutionNode = FALSE
	EndGlobalSection
	GlobalSection(ExtensibilityGlobals) = postSolution
		SolutionGuid = {CEF31FA0-4C1E-4416-8FE5-D1E22CBFCE45}
	EndGlobalSection
EndGlobal
