Microsoft Visual Studio Solution File, Format Version 12.00
# Visual Studio Version 16
VisualStudioVersion = 16.0.30611.23
MinimumVisualStudioVersion = 10.0.40219.1
Project("{D954291E-2A0B-460D-934E-DC6B0785DB48}") = "ZXSinclair.Shared", "ZXSinclair.Shared\ZXSinclair.Shared.shproj", "{0F478A7E-8CA8-498B-A522-0C6E5968C766}"
EndProject
Project("{FAE04EC0-301F-11D3-BF4B-00C04F79EFBC}") = "ZXSinclair.Net", "ZXSinclair.Net\ZXSinclair.Net.csproj", "{C58CE06D-C2C7-4576-9505-4D7F8FA1380E}"
EndProject
Project("{9A19103F-16F7-4668-BE54-9A1E7A4F7556}") = "ZXSinclair.NetCore", "ZXSinclair.NetCore\ZXSinclair.NetCore.csproj", "{12DDBC0E-2861-465F-843C-66CEDF797F5E}"
EndProject
Project("{D954291E-2A0B-460D-934E-DC6B0785DB48}") = "ZXSinclair.Resources", "ZXSinclair.Resources\ZXSinclair.Resources.shproj", "{974E507E-398A-43F4-9432-38595736C3DE}"
EndProject
Project("{D954291E-2A0B-460D-934E-DC6B0785DB48}") = "ZXSinclair.Test.Shared", "ZXSinclair.Test.Shared\ZXSinclair.Test.Shared.shproj", "{5400C285-CD3D-4588-9973-F5EDFF96B186}"
EndProject
Project("{9A19103F-16F7-4668-BE54-9A1E7A4F7556}") = "ZXSinclair.NetCore.Test", "ZXSinclair.NetCore.Test\ZXSinclair.NetCore.Test.csproj", "{4ED28548-1D02-4789-8AF7-BC1FCCD0840D}"
EndProject
Project("{FAE04EC0-301F-11D3-BF4B-00C04F79EFBC}") = "ZXSinclair.Net.Test", "ZXSinclair.Net.Test\ZXSinclair.Net.Test.csproj", "{31F1E6DE-CA91-4F3A-9179-A9821B1E1E0E}"
EndProject
Project("{9A19103F-16F7-4668-BE54-9A1E7A4F7556}") = "ZXSinclair.Blazor", "ZXSinclair.Blazor\ZXSinclair.Blazor.csproj", "{B10C2DF1-3752-45DB-B801-6DDD39C23533}"
EndProject
Project("{9A19103F-16F7-4668-BE54-9A1E7A4F7556}") = "ZXSinclair.Blazor.Test", "ZXSinclair.Blazor.Test\ZXSinclair.Blazor.Test.csproj", "{56EB9704-65B4-4DC2-82E4-70943570440F}"
EndProject
Project("{D954291E-2A0B-460D-934E-DC6B0785DB48}") = "ZXSinclair.Core.Shared", "ZXSinclair.Core.Shared\ZXSinclair.Core.Shared.shproj", "{979D2CA9-8FCA-4A3F-A114-0E685A3D91F1}"
EndProject
Global
	GlobalSection(SharedMSBuildProjectFiles) = preSolution
		ZXSinclair.Shared\ZXSinclair.Shared.projitems*{0f478a7e-8ca8-498b-a522-0c6e5968c766}*SharedItemsImports = 13
		ZXSinclair.Core.Shared\ZXSinclair.Core.Shared.projitems*{12ddbc0e-2861-465f-843c-66cedf797f5e}*SharedItemsImports = 5
		ZXSinclair.Resources\ZXSinclair.Resources.projitems*{12ddbc0e-2861-465f-843c-66cedf797f5e}*SharedItemsImports = 5
		ZXSinclair.Shared\ZXSinclair.Shared.projitems*{12ddbc0e-2861-465f-843c-66cedf797f5e}*SharedItemsImports = 5
		ZXSinclair.Core.Shared\ZXSinclair.Core.Shared.projitems*{31f1e6de-ca91-4f3a-9179-a9821b1e1e0e}*SharedItemsImports = 4
		ZXSinclair.Test.Shared\ZXSinclair.Test.Shared.projitems*{31f1e6de-ca91-4f3a-9179-a9821b1e1e0e}*SharedItemsImports = 4
		ZXSinclair.Core.Shared\ZXSinclair.Core.Shared.projitems*{4ed28548-1d02-4789-8af7-bc1fccd0840d}*SharedItemsImports = 5
		ZXSinclair.Test.Shared\ZXSinclair.Test.Shared.projitems*{4ed28548-1d02-4789-8af7-bc1fccd0840d}*SharedItemsImports = 5
		ZXSinclair.Test.Shared\ZXSinclair.Test.Shared.projitems*{5400c285-cd3d-4588-9973-f5edff96b186}*SharedItemsImports = 13
		ZXSinclair.Core.Shared\ZXSinclair.Core.Shared.projitems*{56eb9704-65b4-4dc2-82e4-70943570440f}*SharedItemsImports = 5
		ZXSinclair.Resources\ZXSinclair.Resources.projitems*{974e507e-398a-43f4-9432-38595736c3de}*SharedItemsImports = 13
		ZXSinclair.Core.Shared\ZXSinclair.Core.Shared.projitems*{979d2ca9-8fca-4a3f-a114-0e685a3d91f1}*SharedItemsImports = 13
		ZXSinclair.Core.Shared\ZXSinclair.Core.Shared.projitems*{b10c2df1-3752-45db-b801-6ddd39c23533}*SharedItemsImports = 5
		ZXSinclair.Resources\ZXSinclair.Resources.projitems*{b10c2df1-3752-45db-b801-6ddd39c23533}*SharedItemsImports = 5
		ZXSinclair.Core.Shared\ZXSinclair.Core.Shared.projitems*{c58ce06d-c2c7-4576-9505-4d7f8fa1380e}*SharedItemsImports = 4
		ZXSinclair.Resources\ZXSinclair.Resources.projitems*{c58ce06d-c2c7-4576-9505-4d7f8fa1380e}*SharedItemsImports = 4
		ZXSinclair.Shared\ZXSinclair.Shared.projitems*{c58ce06d-c2c7-4576-9505-4d7f8fa1380e}*SharedItemsImports = 4
	EndGlobalSection
	GlobalSection(SolutionConfigurationPlatforms) = preSolution
		Debug|Any CPU = Debug|Any CPU
		Debug|x64 = Debug|x64
		Debug|x86 = Debug|x86
		Release|Any CPU = Release|Any CPU
		Release|x64 = Release|x64
		Release|x86 = Release|x86
	EndGlobalSection
	GlobalSection(ProjectConfigurationPlatforms) = postSolution
		{C58CE06D-C2C7-4576-9505-4D7F8FA1380E}.Debug|Any CPU.ActiveCfg = Debug|Any CPU
		{C58CE06D-C2C7-4576-9505-4D7F8FA1380E}.Debug|Any CPU.Build.0 = Debug|Any CPU
		{C58CE06D-C2C7-4576-9505-4D7F8FA1380E}.Debug|x64.ActiveCfg = Debug|Any CPU
		{C58CE06D-C2C7-4576-9505-4D7F8FA1380E}.Debug|x64.Build.0 = Debug|Any CPU
		{C58CE06D-C2C7-4576-9505-4D7F8FA1380E}.Debug|x86.ActiveCfg = Debug|Any CPU
		{C58CE06D-C2C7-4576-9505-4D7F8FA1380E}.Debug|x86.Build.0 = Debug|Any CPU
		{C58CE06D-C2C7-4576-9505-4D7F8FA1380E}.Release|Any CPU.ActiveCfg = Release|Any CPU
		{C58CE06D-C2C7-4576-9505-4D7F8FA1380E}.Release|Any CPU.Build.0 = Release|Any CPU
		{C58CE06D-C2C7-4576-9505-4D7F8FA1380E}.Release|x64.ActiveCfg = Release|Any CPU
		{C58CE06D-C2C7-4576-9505-4D7F8FA1380E}.Release|x64.Build.0 = Release|Any CPU
		{C58CE06D-C2C7-4576-9505-4D7F8FA1380E}.Release|x86.ActiveCfg = Release|Any CPU
		{C58CE06D-C2C7-4576-9505-4D7F8FA1380E}.Release|x86.Build.0 = Release|Any CPU
		{12DDBC0E-2861-465F-843C-66CEDF797F5E}.Debug|Any CPU.ActiveCfg = Debug|Any CPU
		{12DDBC0E-2861-465F-843C-66CEDF797F5E}.Debug|Any CPU.Build.0 = Debug|Any CPU
		{12DDBC0E-2861-465F-843C-66CEDF797F5E}.Debug|x64.ActiveCfg = Debug|Any CPU
		{12DDBC0E-2861-465F-843C-66CEDF797F5E}.Debug|x64.Build.0 = Debug|Any CPU
		{12DDBC0E-2861-465F-843C-66CEDF797F5E}.Debug|x86.ActiveCfg = Debug|Any CPU
		{12DDBC0E-2861-465F-843C-66CEDF797F5E}.Debug|x86.Build.0 = Debug|Any CPU
		{12DDBC0E-2861-465F-843C-66CEDF797F5E}.Release|Any CPU.ActiveCfg = Release|Any CPU
		{12DDBC0E-2861-465F-843C-66CEDF797F5E}.Release|Any CPU.Build.0 = Release|Any CPU
		{12DDBC0E-2861-465F-843C-66CEDF797F5E}.Release|x64.ActiveCfg = Release|Any CPU
		{12DDBC0E-2861-465F-843C-66CEDF797F5E}.Release|x64.Build.0 = Release|Any CPU
		{12DDBC0E-2861-465F-843C-66CEDF797F5E}.Release|x86.ActiveCfg = Release|Any CPU
		{12DDBC0E-2861-465F-843C-66CEDF797F5E}.Release|x86.Build.0 = Release|Any CPU
		{4ED28548-1D02-4789-8AF7-BC1FCCD0840D}.Debug|Any CPU.ActiveCfg = Debug|Any CPU
		{4ED28548-1D02-4789-8AF7-BC1FCCD0840D}.Debug|Any CPU.Build.0 = Debug|Any CPU
		{4ED28548-1D02-4789-8AF7-BC1FCCD0840D}.Debug|x64.ActiveCfg = Debug|Any CPU
		{4ED28548-1D02-4789-8AF7-BC1FCCD0840D}.Debug|x64.Build.0 = Debug|Any CPU
		{4ED28548-1D02-4789-8AF7-BC1FCCD0840D}.Debug|x86.ActiveCfg = Debug|Any CPU
		{4ED28548-1D02-4789-8AF7-BC1FCCD0840D}.Debug|x86.Build.0 = Debug|Any CPU
		{4ED28548-1D02-4789-8AF7-BC1FCCD0840D}.Release|Any CPU.ActiveCfg = Release|Any CPU
		{4ED28548-1D02-4789-8AF7-BC1FCCD0840D}.Release|Any CPU.Build.0 = Release|Any CPU
		{4ED28548-1D02-4789-8AF7-BC1FCCD0840D}.Release|x64.ActiveCfg = Release|Any CPU
		{4ED28548-1D02-4789-8AF7-BC1FCCD0840D}.Release|x64.Build.0 = Release|Any CPU
		{4ED28548-1D02-4789-8AF7-BC1FCCD0840D}.Release|x86.ActiveCfg = Release|Any CPU
		{4ED28548-1D02-4789-8AF7-BC1FCCD0840D}.Release|x86.Build.0 = Release|Any CPU
		{31F1E6DE-CA91-4F3A-9179-A9821B1E1E0E}.Debug|Any CPU.ActiveCfg = Debug|Any CPU
		{31F1E6DE-CA91-4F3A-9179-A9821B1E1E0E}.Debug|Any CPU.Build.0 = Debug|Any CPU
		{31F1E6DE-CA91-4F3A-9179-A9821B1E1E0E}.Debug|x64.ActiveCfg = Debug|Any CPU
		{31F1E6DE-CA91-4F3A-9179-A9821B1E1E0E}.Debug|x64.Build.0 = Debug|Any CPU
		{31F1E6DE-CA91-4F3A-9179-A9821B1E1E0E}.Debug|x86.ActiveCfg = Debug|Any CPU
		{31F1E6DE-CA91-4F3A-9179-A9821B1E1E0E}.Debug|x86.Build.0 = Debug|Any CPU
		{31F1E6DE-CA91-4F3A-9179-A9821B1E1E0E}.Release|Any CPU.ActiveCfg = Release|Any CPU
		{31F1E6DE-CA91-4F3A-9179-A9821B1E1E0E}.Release|Any CPU.Build.0 = Release|Any CPU
		{31F1E6DE-CA91-4F3A-9179-A9821B1E1E0E}.Release|x64.ActiveCfg = Release|Any CPU
		{31F1E6DE-CA91-4F3A-9179-A9821B1E1E0E}.Release|x64.Build.0 = Release|Any CPU
		{31F1E6DE-CA91-4F3A-9179-A9821B1E1E0E}.Release|x86.ActiveCfg = Release|Any CPU
		{31F1E6DE-CA91-4F3A-9179-A9821B1E1E0E}.Release|x86.Build.0 = Release|Any CPU
		{B10C2DF1-3752-45DB-B801-6DDD39C23533}.Debug|Any CPU.ActiveCfg = Debug|Any CPU
		{B10C2DF1-3752-45DB-B801-6DDD39C23533}.Debug|Any CPU.Build.0 = Debug|Any CPU
		{B10C2DF1-3752-45DB-B801-6DDD39C23533}.Debug|x64.ActiveCfg = Debug|Any CPU
		{B10C2DF1-3752-45DB-B801-6DDD39C23533}.Debug|x64.Build.0 = Debug|Any CPU
		{B10C2DF1-3752-45DB-B801-6DDD39C23533}.Debug|x86.ActiveCfg = Debug|Any CPU
		{B10C2DF1-3752-45DB-B801-6DDD39C23533}.Debug|x86.Build.0 = Debug|Any CPU
		{B10C2DF1-3752-45DB-B801-6DDD39C23533}.Release|Any CPU.ActiveCfg = Release|Any CPU
		{B10C2DF1-3752-45DB-B801-6DDD39C23533}.Release|Any CPU.Build.0 = Release|Any CPU
		{B10C2DF1-3752-45DB-B801-6DDD39C23533}.Release|x64.ActiveCfg = Release|Any CPU
		{B10C2DF1-3752-45DB-B801-6DDD39C23533}.Release|x64.Build.0 = Release|Any CPU
		{B10C2DF1-3752-45DB-B801-6DDD39C23533}.Release|x86.ActiveCfg = Release|Any CPU
		{B10C2DF1-3752-45DB-B801-6DDD39C23533}.Release|x86.Build.0 = Release|Any CPU
		{56EB9704-65B4-4DC2-82E4-70943570440F}.Debug|Any CPU.ActiveCfg = Debug|Any CPU
		{56EB9704-65B4-4DC2-82E4-70943570440F}.Debug|Any CPU.Build.0 = Debug|Any CPU
		{56EB9704-65B4-4DC2-82E4-70943570440F}.Debug|x64.ActiveCfg = Debug|Any CPU
		{56EB9704-65B4-4DC2-82E4-70943570440F}.Debug|x64.Build.0 = Debug|Any CPU
		{56EB9704-65B4-4DC2-82E4-70943570440F}.Debug|x86.ActiveCfg = Debug|Any CPU
		{56EB9704-65B4-4DC2-82E4-70943570440F}.Debug|x86.Build.0 = Debug|Any CPU
		{56EB9704-65B4-4DC2-82E4-70943570440F}.Release|Any CPU.ActiveCfg = Release|Any CPU
		{56EB9704-65B4-4DC2-82E4-70943570440F}.Release|Any CPU.Build.0 = Release|Any CPU
		{56EB9704-65B4-4DC2-82E4-70943570440F}.Release|x64.ActiveCfg = Release|Any CPU
		{56EB9704-65B4-4DC2-82E4-70943570440F}.Release|x64.Build.0 = Release|Any CPU
		{56EB9704-65B4-4DC2-82E4-70943570440F}.Release|x86.ActiveCfg = Release|Any CPU
		{56EB9704-65B4-4DC2-82E4-70943570440F}.Release|x86.Build.0 = Release|Any CPU
	EndGlobalSection
	GlobalSection(SolutionProperties) = preSolution
		HideSolutionNode = FALSE
	EndGlobalSection
	GlobalSection(ExtensibilityGlobals) = postSolution
		SolutionGuid = {CEF31FA0-4C1E-4416-8FE5-D1E22CBFCE45}
	EndGlobalSection
EndGlobal
